
Microsoft Visual Studio Solution File, Format Version 12.00
# Visual Studio Version 16
VisualStudioVersion = 16.0.30611.23
MinimumVisualStudioVersion = 10.0.40219.1
Project("{FAE04EC0-301F-11D3-BF4B-00C04F79EFBC}") = "Shape324", "Shape324.csproj", "{8FDCCD5E-9739-4A31-86DF-01A08C116801}"
EndProject
Global
	GlobalSection(SolutionConfigurationPlatforms) = preSolution
		Debug|Any CPU = Debug|Any CPU
		Release|Any CPU = Release|Any CPU
	EndGlobalSection
	GlobalSection(ProjectConfigurationPlatforms) = postSolution
		{8FDCCD5E-9739-4A31-86DF-01A08C116801}.Debug|Any CPU.ActiveCfg = Debug|Any CPU
		{8FDCCD5E-9739-4A31-86DF-01A08C116801}.Debug|Any CPU.Build.0 = Debug|Any CPU
		{8FDCCD5E-9739-4A31-86DF-01A08C116801}.Release|Any CPU.ActiveCfg = Release|Any CPU
		{8FDCCD5E-9739-4A31-86DF-01A08C116801}.Release|Any CPU.Build.0 = Release|Any CPU
	EndGlobalSection
	GlobalSection(SolutionProperties) = preSolution
		HideSolutionNode = FALSE
	EndGlobalSection
	GlobalSection(ExtensibilityGlobals) = postSolution
		SolutionGuid = {96FA4DB9-3556-45B1-968A-A5BE1F7DB06B}
	EndGlobalSection
EndGlobal
